
Microsoft Visual Studio Solution File, Format Version 12.00
# Visual Studio Version 16
VisualStudioVersion = 16.0.29418.71
MinimumVisualStudioVersion = 10.0.40219.1
Project("{9A19103F-16F7-4668-BE54-9A1E7A4F7556}") = "ECountry.Portal", "src\ECountry.Portal\ECountry.Portal.csproj", "{3CB41E7E-FB47-4994-92DF-246FDEFC2FBA}"
EndProject
Project("{2150E333-8FDC-42A3-9474-1A3956D46DE8}") = "db", "db", "{F74BC19D-0899-4A7F-8721-6E7D4943B409}"
	ProjectSection(SolutionItems) = preProject
		db\createUpdate.bat = db\createUpdate.bat
		db\ref_data.sql = db\ref_data.sql
		db\schema.sql = db\schema.sql
		db\test_data.sql = db\test_data.sql
		db\update.bat = db\update.bat
	EndProjectSection
EndProject
Project("{2150E333-8FDC-42A3-9474-1A3956D46DE8}") = "updates", "updates", "{6897B7D6-6F9C-4CAA-99F6-09D5B87854B7}"
	ProjectSection(SolutionItems) = preProject
		db\updates\v100.sql = db\updates\v100.sql
	EndProjectSection
EndProject
Project("{9A19103F-16F7-4668-BE54-9A1E7A4F7556}") = "ECountry.Data", "src\ECountry.Data\ECountry.Data.csproj", "{2BE18A8E-3B4A-41F0-8F95-37D745A760B0}"
EndProject
Project("{2150E333-8FDC-42A3-9474-1A3956D46DE8}") = "FutureNugetPackages", "FutureNugetPackages", "{13E97A37-4A75-48B6-84C1-7B11ECDA5B98}"
EndProject
Project("{9A19103F-16F7-4668-BE54-9A1E7A4F7556}") = "IDS.Result", "FutureNugetPackages\IDS.Result\IDS.Result.csproj", "{8271FFB6-B7E6-4CFA-8210-429F04B25535}"
EndProject
Global
	GlobalSection(SolutionConfigurationPlatforms) = preSolution
		Debug|Any CPU = Debug|Any CPU
		Release|Any CPU = Release|Any CPU
	EndGlobalSection
	GlobalSection(ProjectConfigurationPlatforms) = postSolution
		{3CB41E7E-FB47-4994-92DF-246FDEFC2FBA}.Debug|Any CPU.ActiveCfg = Debug|Any CPU
		{3CB41E7E-FB47-4994-92DF-246FDEFC2FBA}.Debug|Any CPU.Build.0 = Debug|Any CPU
		{3CB41E7E-FB47-4994-92DF-246FDEFC2FBA}.Release|Any CPU.ActiveCfg = Release|Any CPU
		{3CB41E7E-FB47-4994-92DF-246FDEFC2FBA}.Release|Any CPU.Build.0 = Release|Any CPU
		{2BE18A8E-3B4A-41F0-8F95-37D745A760B0}.Debug|Any CPU.ActiveCfg = Debug|Any CPU
		{2BE18A8E-3B4A-41F0-8F95-37D745A760B0}.Debug|Any CPU.Build.0 = Debug|Any CPU
		{2BE18A8E-3B4A-41F0-8F95-37D745A760B0}.Release|Any CPU.ActiveCfg = Release|Any CPU
		{2BE18A8E-3B4A-41F0-8F95-37D745A760B0}.Release|Any CPU.Build.0 = Release|Any CPU
		{8271FFB6-B7E6-4CFA-8210-429F04B25535}.Debug|Any CPU.ActiveCfg = Debug|Any CPU
		{8271FFB6-B7E6-4CFA-8210-429F04B25535}.Debug|Any CPU.Build.0 = Debug|Any CPU
		{8271FFB6-B7E6-4CFA-8210-429F04B25535}.Release|Any CPU.ActiveCfg = Release|Any CPU
		{8271FFB6-B7E6-4CFA-8210-429F04B25535}.Release|Any CPU.Build.0 = Release|Any CPU
	EndGlobalSection
	GlobalSection(SolutionProperties) = preSolution
		HideSolutionNode = FALSE
	EndGlobalSection
	GlobalSection(NestedProjects) = preSolution
		{6897B7D6-6F9C-4CAA-99F6-09D5B87854B7} = {F74BC19D-0899-4A7F-8721-6E7D4943B409}
		{8271FFB6-B7E6-4CFA-8210-429F04B25535} = {13E97A37-4A75-48B6-84C1-7B11ECDA5B98}
	EndGlobalSection
	GlobalSection(ExtensibilityGlobals) = postSolution
		SolutionGuid = {F9F4943A-1AEA-45B8-9E59-D6D2A2479C89}
	EndGlobalSection
EndGlobal
